
Microsoft Visual Studio Solution File, Format Version 12.00
# Visual Studio Version 16
VisualStudioVersion = 16.0.30804.86
MinimumVisualStudioVersion = 10.0.40219.1
Project("{FAE04EC0-301F-11D3-BF4B-00C04F79EFBC}") = "1_KampIntro", "1_KampIntro\1_KampIntro.csproj", "{4531E917-E8B0-4D96-82E1-5135A5310C36}"
EndProject
Project("{FAE04EC0-301F-11D3-BF4B-00C04F79EFBC}") = "2_Donguler", "2_Donguler\2_Donguler.csproj", "{FFADB8F3-25F6-4006-ADEB-74CA8CB55B58}"
EndProject
Project("{FAE04EC0-301F-11D3-BF4B-00C04F79EFBC}") = "3_ClassIntro", "3_ClassIntro\3_ClassIntro.csproj", "{0F6084EA-76CD-4EC9-9D49-73D879F9F8DB}"
EndProject
Project("{FAE04EC0-301F-11D3-BF4B-00C04F79EFBC}") = "4_Metodlar", "4_Metodlar\4_Metodlar.csproj", "{E3A5E13A-CF76-4183-B873-B771518218E9}"
EndProject
Project("{FAE04EC0-301F-11D3-BF4B-00C04F79EFBC}") = "5_Matematik", "5_Matematik\5_Matematik.csproj", "{1B53DB1C-3FE8-420A-8DE7-9392BEEB468B}"
EndProject
Project("{FAE04EC0-301F-11D3-BF4B-00C04F79EFBC}") = "6_DegerVeReferansTipler", "6_DegerVeReferansTipler\6_DegerVeReferansTipler.csproj", "{29ACA36F-950D-403C-8BAA-A30C439BE71C}"
EndProject
Global
	GlobalSection(SolutionConfigurationPlatforms) = preSolution
		Debug|Any CPU = Debug|Any CPU
		Release|Any CPU = Release|Any CPU
	EndGlobalSection
	GlobalSection(ProjectConfigurationPlatforms) = postSolution
		{4531E917-E8B0-4D96-82E1-5135A5310C36}.Debug|Any CPU.ActiveCfg = Debug|Any CPU
		{4531E917-E8B0-4D96-82E1-5135A5310C36}.Debug|Any CPU.Build.0 = Debug|Any CPU
		{4531E917-E8B0-4D96-82E1-5135A5310C36}.Release|Any CPU.ActiveCfg = Release|Any CPU
		{4531E917-E8B0-4D96-82E1-5135A5310C36}.Release|Any CPU.Build.0 = Release|Any CPU
		{FFADB8F3-25F6-4006-ADEB-74CA8CB55B58}.Debug|Any CPU.ActiveCfg = Debug|Any CPU
		{FFADB8F3-25F6-4006-ADEB-74CA8CB55B58}.Debug|Any CPU.Build.0 = Debug|Any CPU
		{FFADB8F3-25F6-4006-ADEB-74CA8CB55B58}.Release|Any CPU.ActiveCfg = Release|Any CPU
		{FFADB8F3-25F6-4006-ADEB-74CA8CB55B58}.Release|Any CPU.Build.0 = Release|Any CPU
		{0F6084EA-76CD-4EC9-9D49-73D879F9F8DB}.Debug|Any CPU.ActiveCfg = Debug|Any CPU
		{0F6084EA-76CD-4EC9-9D49-73D879F9F8DB}.Debug|Any CPU.Build.0 = Debug|Any CPU
		{0F6084EA-76CD-4EC9-9D49-73D879F9F8DB}.Release|Any CPU.ActiveCfg = Release|Any CPU
		{0F6084EA-76CD-4EC9-9D49-73D879F9F8DB}.Release|Any CPU.Build.0 = Release|Any CPU
		{E3A5E13A-CF76-4183-B873-B771518218E9}.Debug|Any CPU.ActiveCfg = Debug|Any CPU
		{E3A5E13A-CF76-4183-B873-B771518218E9}.Debug|Any CPU.Build.0 = Debug|Any CPU
		{E3A5E13A-CF76-4183-B873-B771518218E9}.Release|Any CPU.ActiveCfg = Release|Any CPU
		{E3A5E13A-CF76-4183-B873-B771518218E9}.Release|Any CPU.Build.0 = Release|Any CPU
		{1B53DB1C-3FE8-420A-8DE7-9392BEEB468B}.Debug|Any CPU.ActiveCfg = Debug|Any CPU
		{1B53DB1C-3FE8-420A-8DE7-9392BEEB468B}.Debug|Any CPU.Build.0 = Debug|Any CPU
		{1B53DB1C-3FE8-420A-8DE7-9392BEEB468B}.Release|Any CPU.ActiveCfg = Release|Any CPU
		{1B53DB1C-3FE8-420A-8DE7-9392BEEB468B}.Release|Any CPU.Build.0 = Release|Any CPU
		{29ACA36F-950D-403C-8BAA-A30C439BE71C}.Debug|Any CPU.ActiveCfg = Debug|Any CPU
		{29ACA36F-950D-403C-8BAA-A30C439BE71C}.Debug|Any CPU.Build.0 = Debug|Any CPU
		{29ACA36F-950D-403C-8BAA-A30C439BE71C}.Release|Any CPU.ActiveCfg = Release|Any CPU
		{29ACA36F-950D-403C-8BAA-A30C439BE71C}.Release|Any CPU.Build.0 = Release|Any CPU
	EndGlobalSection
	GlobalSection(SolutionProperties) = preSolution
		HideSolutionNode = FALSE
	EndGlobalSection
	GlobalSection(ExtensibilityGlobals) = postSolution
		SolutionGuid = {F2475656-2915-4F26-B5C3-5CF0951E68A7}
	EndGlobalSection
EndGlobal
